// !$*UTF8*$!
{
	archiveVersion = 1;
	classes = {
	};
	objectVersion = 50;
	objects = {

/* Begin PBXBuildFile section */
		66AF4C0E24CC919A00515C4D /* AppDelegate.swift in Sources */ = {isa = PBXBuildFile; fileRef = 66AF4C0D24CC919A00515C4D /* AppDelegate.swift */; };
		66AF4C1024CC919A00515C4D /* SceneDelegate.swift in Sources */ = {isa = PBXBuildFile; fileRef = 66AF4C0F24CC919A00515C4D /* SceneDelegate.swift */; };
		66AF4C1224CC919A00515C4D /* ViewController.swift in Sources */ = {isa = PBXBuildFile; fileRef = 66AF4C1124CC919A00515C4D /* ViewController.swift */; };
		66AF4C1524CC919A00515C4D /* Main.storyboard in Resources */ = {isa = PBXBuildFile; fileRef = 66AF4C1324CC919A00515C4D /* Main.storyboard */; };
		66AF4C1724CC919B00515C4D /* Assets.xcassets in Resources */ = {isa = PBXBuildFile; fileRef = 66AF4C1624CC919B00515C4D /* Assets.xcassets */; };
		66AF4C1A24CC919B00515C4D /* LaunchScreen.storyboard in Resources */ = {isa = PBXBuildFile; fileRef = 66AF4C1824CC919B00515C4D /* LaunchScreen.storyboard */; };
		66AF4C2524CC919B00515C4D /* SwiftNewsTests.swift in Sources */ = {isa = PBXBuildFile; fileRef = 66AF4C2424CC919B00515C4D /* SwiftNewsTests.swift */; };
/* End PBXBuildFile section */

/* Begin PBXContainerItemProxy section */
		66AF4C2124CC919B00515C4D /* PBXContainerItemProxy */ = {
			isa = PBXContainerItemProxy;
			containerPortal = 66AF4C0224CC919A00515C4D /* Project object */;
			proxyType = 1;
			remoteGlobalIDString = 66AF4C0924CC919A00515C4D;
			remoteInfo = SwiftNews;
		};
/* End PBXContainerItemProxy section */

/* Begin PBXFileReference section */
		66AF4C0A24CC919A00515C4D /* SwiftNews.app */ = {isa = PBXFileReference; explicitFileType = wrapper.application; includeInIndex = 0; path = SwiftNews.app; sourceTree = BUILT_PRODUCTS_DIR; };
		66AF4C0D24CC919A00515C4D /* AppDelegate.swift */ = {isa = PBXFileReference; lastKnownFileType = sourcecode.swift; path = AppDelegate.swift; sourceTree = "<group>"; };
		66AF4C0F24CC919A00515C4D /* SceneDelegate.swift */ = {isa = PBXFileReference; lastKnownFileType = sourcecode.swift; path = SceneDelegate.swift; sourceTree = "<group>"; };
		66AF4C1124CC919A00515C4D /* ViewController.swift */ = {isa = PBXFileReference; lastKnownFileType = sourcecode.swift; path = ViewController.swift; sourceTree = "<group>"; };
		66AF4C1424CC919A00515C4D /* Base */ = {isa = PBXFileReference; lastKnownFileType = file.storyboard; name = Base; path = Base.lproj/Main.storyboard; sourceTree = "<group>"; };
		66AF4C1624CC919B00515C4D /* Assets.xcassets */ = {isa = PBXFileReference; lastKnownFileType = folder.assetcatalog; path = Assets.xcassets; sourceTree = "<group>"; };
		66AF4C1924CC919B00515C4D /* Base */ = {isa = PBXFileReference; lastKnownFileType = file.storyboard; name = Base; path = Base.lproj/LaunchScreen.storyboard; sourceTree = "<group>"; };
		66AF4C1B24CC919B00515C4D /* Info.plist */ = {isa = PBXFileReference; lastKnownFileType = text.plist.xml; path = Info.plist; sourceTree = "<group>"; };
		66AF4C2024CC919B00515C4D /* SwiftNewsTests.xctest */ = {isa = PBXFileReference; explicitFileType = wrapper.cfbundle; includeInIndex = 0; path = SwiftNewsTests.xctest; sourceTree = BUILT_PRODUCTS_DIR; };
		66AF4C2424CC919B00515C4D /* SwiftNewsTests.swift */ = {isa = PBXFileReference; lastKnownFileType = sourcecode.swift; path = SwiftNewsTests.swift; sourceTree = "<group>"; };
		66AF4C2624CC919B00515C4D /* Info.plist */ = {isa = PBXFileReference; lastKnownFileType = text.plist.xml; path = Info.plist; sourceTree = "<group>"; };
/* End PBXFileReference section */

/* Begin PBXFrameworksBuildPhase section */
		66AF4C0724CC919A00515C4D /* Frameworks */ = {
			isa = PBXFrameworksBuildPhase;
			buildActionMask = 2147483647;
			files = (
			);
			runOnlyForDeploymentPostprocessing = 0;
		};
		66AF4C1D24CC919B00515C4D /* Frameworks */ = {
			isa = PBXFrameworksBuildPhase;
			buildActionMask = 2147483647;
			files = (
			);
			runOnlyForDeploymentPostprocessing = 0;
		};
/* End PBXFrameworksBuildPhase section */

/* Begin PBXGroup section */
		66AF4C0124CC919A00515C4D = {
			isa = PBXGroup;
			children = (
				66AF4C0C24CC919A00515C4D /* SwiftNews */,
				66AF4C2324CC919B00515C4D /* SwiftNewsTests */,
				66AF4C0B24CC919A00515C4D /* Products */,
			);
			sourceTree = "<group>";
		};
		66AF4C0B24CC919A00515C4D /* Products */ = {
			isa = PBXGroup;
			children = (
				66AF4C0A24CC919A00515C4D /* SwiftNews.app */,
				66AF4C2024CC919B00515C4D /* SwiftNewsTests.xctest */,
			);
			name = Products;
			sourceTree = "<group>";
		};
		66AF4C0C24CC919A00515C4D /* SwiftNews */ = {
			isa = PBXGroup;
			children = (
				66AF4C0D24CC919A00515C4D /* AppDelegate.swift */,
				66AF4C0F24CC919A00515C4D /* SceneDelegate.swift */,
				66AF4C1124CC919A00515C4D /* ViewController.swift */,
				66AF4C1324CC919A00515C4D /* Main.storyboard */,
				66AF4C1624CC919B00515C4D /* Assets.xcassets */,
				66AF4C1824CC919B00515C4D /* LaunchScreen.storyboard */,
				66AF4C1B24CC919B00515C4D /* Info.plist */,
			);
			path = SwiftNews;
			sourceTree = "<group>";
		};
		66AF4C2324CC919B00515C4D /* SwiftNewsTests */ = {
			isa = PBXGroup;
			children = (
				66AF4C2424CC919B00515C4D /* SwiftNewsTests.swift */,
				66AF4C2624CC919B00515C4D /* Info.plist */,
			);
			path = SwiftNewsTests;
			sourceTree = "<group>";
		};
/* End PBXGroup section */

/* Begin PBXNativeTarget section */
		66AF4C0924CC919A00515C4D /* SwiftNews */ = {
			isa = PBXNativeTarget;
			buildConfigurationList = 66AF4C2924CC919C00515C4D /* Build configuration list for PBXNativeTarget "SwiftNews" */;
			buildPhases = (
				66AF4C0624CC919A00515C4D /* Sources */,
				66AF4C0724CC919A00515C4D /* Frameworks */,
				66AF4C0824CC919A00515C4D /* Resources */,
			);
			buildRules = (
			);
			dependencies = (
			);
			name = SwiftNews;
			productName = SwiftNews;
			productReference = 66AF4C0A24CC919A00515C4D /* SwiftNews.app */;
			productType = "com.apple.product-type.application";
		};
		66AF4C1F24CC919B00515C4D /* SwiftNewsTests */ = {
			isa = PBXNativeTarget;
			buildConfigurationList = 66AF4C2C24CC919C00515C4D /* Build configuration list for PBXNativeTarget "SwiftNewsTests" */;
			buildPhases = (
				66AF4C1C24CC919B00515C4D /* Sources */,
				66AF4C1D24CC919B00515C4D /* Frameworks */,
				66AF4C1E24CC919B00515C4D /* Resources */,
			);
			buildRules = (
			);
			dependencies = (
				66AF4C2224CC919B00515C4D /* PBXTargetDependency */,
			);
			name = SwiftNewsTests;
			productName = SwiftNewsTests;
			productReference = 66AF4C2024CC919B00515C4D /* SwiftNewsTests.xctest */;
			productType = "com.apple.product-type.bundle.unit-test";
		};
/* End PBXNativeTarget section */

/* Begin PBXProject section */
		66AF4C0224CC919A00515C4D /* Project object */ = {
			isa = PBXProject;
			attributes = {
				LastSwiftUpdateCheck = 1140;
				LastUpgradeCheck = 1140;
				ORGANIZATIONNAME = "Dua, Kinjal";
				TargetAttributes = {
					66AF4C0924CC919A00515C4D = {
						CreatedOnToolsVersion = 11.4.1;
					};
					66AF4C1F24CC919B00515C4D = {
						CreatedOnToolsVersion = 11.4.1;
						TestTargetID = 66AF4C0924CC919A00515C4D;
					};
				};
			};
			buildConfigurationList = 66AF4C0524CC919A00515C4D /* Build configuration list for PBXProject "SwiftNews" */;
			compatibilityVersion = "Xcode 9.3";
			developmentRegion = en;
			hasScannedForEncodings = 0;
			knownRegions = (
				en,
				Base,
			);
			mainGroup = 66AF4C0124CC919A00515C4D;
			productRefGroup = 66AF4C0B24CC919A00515C4D /* Products */;
			projectDirPath = "";
			projectRoot = "";
			targets = (
				66AF4C0924CC919A00515C4D /* SwiftNews */,
				66AF4C1F24CC919B00515C4D /* SwiftNewsTests */,
			);
		};
/* End PBXProject section */

/* Begin PBXResourcesBuildPhase section */
		66AF4C0824CC919A00515C4D /* Resources */ = {
			isa = PBXResourcesBuildPhase;
			buildActionMask = 2147483647;
			files = (
				66AF4C1A24CC919B00515C4D /* LaunchScreen.storyboard in Resources */,
				66AF4C1724CC919B00515C4D /* Assets.xcassets in Resources */,
				66AF4C1524CC919A00515C4D /* Main.storyboard in Resources */,
			);
			runOnlyForDeploymentPostprocessing = 0;
		};
		66AF4C1E24CC919B00515C4D /* Resources */ = {
			isa = PBXResourcesBuildPhase;
			buildActionMask = 2147483647;
			files = (
			);
			runOnlyForDeploymentPostprocessing = 0;
		};
/* End PBXResourcesBuildPhase section */

/* Begin PBXSourcesBuildPhase section */
		66AF4C0624CC919A00515C4D /* Sources */ = {
			isa = PBXSourcesBuildPhase;
			buildActionMask = 2147483647;
			files = (
				66AF4C1224CC919A00515C4D /* ViewController.swift in Sources */,
				66AF4C0E24CC919A00515C4D /* AppDelegate.swift in Sources */,
				66AF4C1024CC919A00515C4D /* SceneDelegate.swift in Sources */,
			);
			runOnlyForDeploymentPostprocessing = 0;
		};
		66AF4C1C24CC919B00515C4D /* Sources */ = {
			isa = PBXSourcesBuildPhase;
			buildActionMask = 2147483647;
			files = (
				66AF4C2524CC919B00515C4D /* SwiftNewsTests.swift in Sources */,
			);
			runOnlyForDeploymentPostprocessing = 0;
		};
/* End PBXSourcesBuildPhase section */

/* Begin PBXTargetDependency section */
		66AF4C2224CC919B00515C4D /* PBXTargetDependency */ = {
			isa = PBXTargetDependency;
			target = 66AF4C0924CC919A00515C4D /* SwiftNews */;
			targetProxy = 66AF4C2124CC919B00515C4D /* PBXContainerItemProxy */;
		};
/* End PBXTargetDependency section */

/* Begin PBXVariantGroup section */
		66AF4C1324CC919A00515C4D /* Main.storyboard */ = {
			isa = PBXVariantGroup;
			children = (
				66AF4C1424CC919A00515C4D /* Base */,
			);
			name = Main.storyboard;
			sourceTree = "<group>";
		};
		66AF4C1824CC919B00515C4D /* LaunchScreen.storyboard */ = {
			isa = PBXVariantGroup;
			children = (
				66AF4C1924CC919B00515C4D /* Base */,
			);
			name = LaunchScreen.storyboard;
			sourceTree = "<group>";
		};
/* End PBXVariantGroup section */

/* Begin XCBuildConfiguration section */
		66AF4C2724CC919C00515C4D /* Debug */ = {
			isa = XCBuildConfiguration;
			buildSettings = {
				ALWAYS_SEARCH_USER_PATHS = NO;
				CLANG_ANALYZER_NONNULL = YES;
				CLANG_ANALYZER_NUMBER_OBJECT_CONVERSION = YES_AGGRESSIVE;
				CLANG_CXX_LANGUAGE_STANDARD = "gnu++14";
				CLANG_CXX_LIBRARY = "libc++";
				CLANG_ENABLE_MODULES = YES;
				CLANG_ENABLE_OBJC_ARC = YES;
				CLANG_ENABLE_OBJC_WEAK = YES;
				CLANG_WARN_BLOCK_CAPTURE_AUTORELEASING = YES;
				CLANG_WARN_BOOL_CONVERSION = YES;
				CLANG_WARN_COMMA = YES;
				CLANG_WARN_CONSTANT_CONVERSION = YES;
				CLANG_WARN_DEPRECATED_OBJC_IMPLEMENTATIONS = YES;
				CLANG_WARN_DIRECT_OBJC_ISA_USAGE = YES_ERROR;
				CLANG_WARN_DOCUMENTATION_COMMENTS = YES;
				CLANG_WARN_EMPTY_BODY = YES;
				CLANG_WARN_ENUM_CONVERSION = YES;
				CLANG_WARN_INFINITE_RECURSION = YES;
				CLANG_WARN_INT_CONVERSION = YES;
				CLANG_WARN_NON_LITERAL_NULL_CONVERSION = YES;
				CLANG_WARN_OBJC_IMPLICIT_RETAIN_SELF = YES;
				CLANG_WARN_OBJC_LITERAL_CONVERSION = YES;
				CLANG_WARN_OBJC_ROOT_CLASS = YES_ERROR;
				CLANG_WARN_RANGE_LOOP_ANALYSIS = YES;
				CLANG_WARN_STRICT_PROTOTYPES = YES;
				CLANG_WARN_SUSPICIOUS_MOVE = YES;
				CLANG_WARN_UNGUARDED_AVAILABILITY = YES_AGGRESSIVE;
				CLANG_WARN_UNREACHABLE_CODE = YES;
				CLANG_WARN__DUPLICATE_METHOD_MATCH = YES;
				COPY_PHASE_STRIP = NO;
				DEBUG_INFORMATION_FORMAT = dwarf;
				ENABLE_STRICT_OBJC_MSGSEND = YES;
				ENABLE_TESTABILITY = YES;
				GCC_C_LANGUAGE_STANDARD = gnu11;
				GCC_DYNAMIC_NO_PIC = NO;
				GCC_NO_COMMON_BLOCKS = YES;
				GCC_OPTIMIZATION_LEVEL = 0;
				GCC_PREPROCESSOR_DEFINITIONS = (
					"DEBUG=1",
					"$(inherited)",
				);
				GCC_WARN_64_TO_32_BIT_CONVERSION = YES;
				GCC_WARN_ABOUT_RETURN_TYPE = YES_ERROR;
				GCC_WARN_UNDECLARED_SELECTOR = YES;
				GCC_WARN_UNINITIALIZED_AUTOS = YES_AGGRESSIVE;
				GCC_WARN_UNUSED_FUNCTION = YES;
				GCC_WARN_UNUSED_VARIABLE = YES;
				IPHONEOS_DEPLOYMENT_TARGET = 13.4;
				MTL_ENABLE_DEBUG_INFO = INCLUDE_SOURCE;
				MTL_FAST_MATH = YES;
				ONLY_ACTIVE_ARCH = YES;
				SDKROOT = iphoneos;
				SWIFT_ACTIVE_COMPILATION_CONDITIONS = DEBUG;
				SWIFT_OPTIMIZATION_LEVEL = "-Onone";
			};
			name = Debug;
		};
		66AF4C2824CC919C00515C4D /* Release */ = {
			isa = XCBuildConfiguration;
			buildSettings = {
				ALWAYS_SEARCH_USER_PATHS = NO;
				CLANG_ANALYZER_NONNULL = YES;
				CLANG_ANALYZER_NUMBER_OBJECT_CONVERSION = YES_AGGRESSIVE;
				CLANG_CXX_LANGUAGE_STANDARD = "gnu++14";
				CLANG_CXX_LIBRARY = "libc++";
				CLANG_ENABLE_MODULES = YES;
				CLANG_ENABLE_OBJC_ARC = YES;
				CLANG_ENABLE_OBJC_WEAK = YES;
				CLANG_WARN_BLOCK_CAPTURE_AUTORELEASING = YES;
				CLANG_WARN_BOOL_CONVERSION = YES;
				CLANG_WARN_COMMA = YES;
				CLANG_WARN_CONSTANT_CONVERSION = YES;
				CLANG_WARN_DEPRECATED_OBJC_IMPLEMENTATIONS = YES;
				CLANG_WARN_DIRECT_OBJC_ISA_USAGE = YES_ERROR;
				CLANG_WARN_DOCUMENTATION_COMMENTS = YES;
				CLANG_WARN_EMPTY_BODY = YES;
				CLANG_WARN_ENUM_CONVERSION = YES;
				CLANG_WARN_INFINITE_RECURSION = YES;
				CLANG_WARN_INT_CONVERSION = YES;
				CLANG_WARN_NON_LITERAL_NULL_CONVERSION = YES;
				CLANG_WARN_OBJC_IMPLICIT_RETAIN_SELF = YES;
				CLANG_WARN_OBJC_LITERAL_CONVERSION = YES;
				CLANG_WARN_OBJC_ROOT_CLASS = YES_ERROR;
				CLANG_WARN_RANGE_LOOP_ANALYSIS = YES;
				CLANG_WARN_STRICT_PROTOTYPES = YES;
				CLANG_WARN_SUSPICIOUS_MOVE = YES;
				CLANG_WARN_UNGUARDED_AVAILABILITY = YES_AGGRESSIVE;
				CLANG_WARN_UNREACHABLE_CODE = YES;
				CLANG_WARN__DUPLICATE_METHOD_MATCH = YES;
				COPY_PHASE_STRIP = NO;
				DEBUG_INFORMATION_FORMAT = "dwarf-with-dsym";
				ENABLE_NS_ASSERTIONS = NO;
				ENABLE_STRICT_OBJC_MSGSEND = YES;
				GCC_C_LANGUAGE_STANDARD = gnu11;
				GCC_NO_COMMON_BLOCKS = YES;
				GCC_WARN_64_TO_32_BIT_CONVERSION = YES;
				GCC_WARN_ABOUT_RETURN_TYPE = YES_ERROR;
				GCC_WARN_UNDECLARED_SELECTOR = YES;
				GCC_WARN_UNINITIALIZED_AUTOS = YES_AGGRESSIVE;
				GCC_WARN_UNUSED_FUNCTION = YES;
				GCC_WARN_UNUSED_VARIABLE = YES;
				IPHONEOS_DEPLOYMENT_TARGET = 13.4;
				MTL_ENABLE_DEBUG_INFO = NO;
				MTL_FAST_MATH = YES;
				SDKROOT = iphoneos;
				SWIFT_COMPILATION_MODE = wholemodule;
				SWIFT_OPTIMIZATION_LEVEL = "-O";
				VALIDATE_PRODUCT = YES;
			};
			name = Release;
		};
		66AF4C2A24CC919C00515C4D /* Debug */ = {
			isa = XCBuildConfiguration;
			buildSettings = {
				ASSETCATALOG_COMPILER_APPICON_NAME = AppIcon;
				CODE_SIGN_STYLE = Automatic;
				DEVELOPMENT_TEAM = G89WFY35LG;
				INFOPLIST_FILE = SwiftNews/Info.plist;
				LD_RUNPATH_SEARCH_PATHS = (
					"$(inherited)",
					"@executable_path/Frameworks",
				);
				PRODUCT_BUNDLE_IDENTIFIER = com.compassdigital.io.SwiftNews;
				PRODUCT_NAME = "$(TARGET_NAME)";
				SWIFT_VERSION = 5.0;
				TARGETED_DEVICE_FAMILY = "1,2";
			};
			name = Debug;
		};
		66AF4C2B24CC919C00515C4D /* Release */ = {
			isa = XCBuildConfiguration;
			buildSettings = {
				ASSETCATALOG_COMPILER_APPICON_NAME = AppIcon;
				CODE_SIGN_STYLE = Automatic;
				DEVELOPMENT_TEAM = G89WFY35LG;
				INFOPLIST_FILE = SwiftNews/Info.plist;
				LD_RUNPATH_SEARCH_PATHS = (
					"$(inherited)",
					"@executable_path/Frameworks",
				);
				PRODUCT_BUNDLE_IDENTIFIER = com.compassdigital.io.SwiftNews;
				PRODUCT_NAME = "$(TARGET_NAME)";
				SWIFT_VERSION = 5.0;
				TARGETED_DEVICE_FAMILY = "1,2";
			};
			name = Release;
		};
		66AF4C2D24CC919C00515C4D /* Debug */ = {
			isa = XCBuildConfiguration;
			buildSettings = {
				ALWAYS_EMBED_SWIFT_STANDARD_LIBRARIES = YES;
				BUNDLE_LOADER = "$(TEST_HOST)";
				CODE_SIGN_STYLE = Automatic;
				DEVELOPMENT_TEAM = G89WFY35LG;
				INFOPLIST_FILE = SwiftNewsTests/Info.plist;
				IPHONEOS_DEPLOYMENT_TARGET = 13.4;
				LD_RUNPATH_SEARCH_PATHS = (
					"$(inherited)",
					"@executable_path/Frameworks",
					"@loader_path/Frameworks",
				);
				PRODUCT_BUNDLE_IDENTIFIER = com.compassdigital.io.SwiftNewsTests;
				PRODUCT_NAME = "$(TARGET_NAME)";
				SWIFT_VERSION = 5.0;
				TARGETED_DEVICE_FAMILY = "1,2";
				TEST_HOST = "$(BUILT_PRODUCTS_DIR)/SwiftNews.app/SwiftNews";
			};
			name = Debug;
		};
		66AF4C2E24CC919C00515C4D /* Release */ = {
			isa = XCBuildConfiguration;
			buildSettings = {
				ALWAYS_EMBED_SWIFT_STANDARD_LIBRARIES = YES;
				BUNDLE_LOADER = "$(TEST_HOST)";
				CODE_SIGN_STYLE = Automatic;
				DEVELOPMENT_TEAM = G89WFY35LG;
				INFOPLIST_FILE = SwiftNewsTests/Info.plist;
				IPHONEOS_DEPLOYMENT_TARGET = 13.4;
				LD_RUNPATH_SEARCH_PATHS = (
					"$(inherited)",
					"@executable_path/Frameworks",
					"@loader_path/Frameworks",
				);
				PRODUCT_BUNDLE_IDENTIFIER = com.compassdigital.io.SwiftNewsTests;
				PRODUCT_NAME = "$(TARGET_NAME)";
				SWIFT_VERSION = 5.0;
				TARGETED_DEVICE_FAMILY = "1,2";
				TEST_HOST = "$(BUILT_PRODUCTS_DIR)/SwiftNews.app/SwiftNews";
			};
			name = Release;
		};
/* End XCBuildConfiguration section */

/* Begin XCConfigurationList section */
		66AF4C0524CC919A00515C4D /* Build configuration list for PBXProject "SwiftNews" */ = {
			isa = XCConfigurationList;
			buildConfigurations = (
				66AF4C2724CC919C00515C4D /* Debug */,
				66AF4C2824CC919C00515C4D /* Release */,
			);
			defaultConfigurationIsVisible = 0;
			defaultConfigurationName = Release;
		};
		66AF4C2924CC919C00515C4D /* Build configuration list for PBXNativeTarget "SwiftNews" */ = {
			isa = XCConfigurationList;
			buildConfigurations = (
				66AF4C2A24CC919C00515C4D /* Debug */,
				66AF4C2B24CC919C00515C4D /* Release */,
			);
			defaultConfigurationIsVisible = 0;
			defaultConfigurationName = Release;
		};
		66AF4C2C24CC919C00515C4D /* Build configuration list for PBXNativeTarget "SwiftNewsTests" */ = {
			isa = XCConfigurationList;
			buildConfigurations = (
				66AF4C2D24CC919C00515C4D /* Debug */,
				66AF4C2E24CC919C00515C4D /* Release */,
			);
			defaultConfigurationIsVisible = 0;
			defaultConfigurationName = Release;
		};
/* End XCConfigurationList section */
	};
	rootObject = 66AF4C0224CC919A00515C4D /* Project object */;
}
